
Microsoft Visual Studio Solution File, Format Version 12.00
# Visual Studio Version 17
VisualStudioVersion = 17.10.35013.160
MinimumVisualStudioVersion = 10.0.40219.1
Project("{FAE04EC0-301F-11D3-BF4B-00C04F79EFBC}") = "DealerAPI", "DealerAPI\DealerAPI.csproj", "{286CB4D2-AF4D-4CC8-A25E-26FCA3080A33}"
EndProject
Project("{FAE04EC0-301F-11D3-BF4B-00C04F79EFBC}") = "DealerLibrary", "DealerLibrary\DealerLibrary.csproj", "{F62E11C9-9055-42CB-8C17-7F3399C46A69}"
EndProject
Global
	GlobalSection(SolutionConfigurationPlatforms) = preSolution
		Debug|Any CPU = Debug|Any CPU
		Release|Any CPU = Release|Any CPU
	EndGlobalSection
	GlobalSection(ProjectConfigurationPlatforms) = postSolution
		{286CB4D2-AF4D-4CC8-A25E-26FCA3080A33}.Debug|Any CPU.ActiveCfg = Debug|Any CPU
		{286CB4D2-AF4D-4CC8-A25E-26FCA3080A33}.Debug|Any CPU.Build.0 = Debug|Any CPU
		{286CB4D2-AF4D-4CC8-A25E-26FCA3080A33}.Release|Any CPU.ActiveCfg = Release|Any CPU
		{286CB4D2-AF4D-4CC8-A25E-26FCA3080A33}.Release|Any CPU.Build.0 = Release|Any CPU
		{F62E11C9-9055-42CB-8C17-7F3399C46A69}.Debug|Any CPU.ActiveCfg = Debug|Any CPU
		{F62E11C9-9055-42CB-8C17-7F3399C46A69}.Debug|Any CPU.Build.0 = Debug|Any CPU
		{F62E11C9-9055-42CB-8C17-7F3399C46A69}.Release|Any CPU.ActiveCfg = Release|Any CPU
		{F62E11C9-9055-42CB-8C17-7F3399C46A69}.Release|Any CPU.Build.0 = Release|Any CPU
	EndGlobalSection
	GlobalSection(SolutionProperties) = preSolution
		HideSolutionNode = FALSE
	EndGlobalSection
	GlobalSection(ExtensibilityGlobals) = postSolution
		SolutionGuid = {78370567-B0D3-45F2-9443-C6CC8A50FC72}
	EndGlobalSection
EndGlobal
